
Microsoft Visual Studio Solution File, Format Version 12.00
Project("{FAE04EC0-301F-11D3-BF4B-00C04F79EFBC}") = "Product.API", "Product.API\Product.API.csproj", "{D8A434F6-04CD-47DD-945C-00D783CE645A}"
EndProject
Project("{2150E333-8FDC-42A3-9474-1A3956D46DE8}") = "Service", "Service", "{A2D2168E-6885-4F3B-A1DF-177762708A2B}"
EndProject
Project("{FAE04EC0-301F-11D3-BF4B-00C04F79EFBC}") = "Order.API", "Order.API\Order.API.csproj", "{3554A638-C2BF-427E-AC22-5BE072C9BBB5}"
EndProject
Project("{2150E333-8FDC-42A3-9474-1A3956D46DE8}") = "Client", "Client", "{83480799-6941-4FF2-9497-037560B059A8}"
EndProject
Project("{2150E333-8FDC-42A3-9474-1A3956D46DE8}") = "Web", "Web", "{233ED2F5-6CC7-4DBE-B128-E7F7C41828B6}"
EndProject
Project("{FAE04EC0-301F-11D3-BF4B-00C04F79EFBC}") = "Web.MVC", "Web.MVC\Web.MVC.csproj", "{4D038703-0B94-43D4-9205-538A11904F8E}"
EndProject
Global
	GlobalSection(SolutionConfigurationPlatforms) = preSolution
		Debug|Any CPU = Debug|Any CPU
		Release|Any CPU = Release|Any CPU
	EndGlobalSection
	GlobalSection(ProjectConfigurationPlatforms) = postSolution
		{D8A434F6-04CD-47DD-945C-00D783CE645A}.Debug|Any CPU.ActiveCfg = Debug|Any CPU
		{D8A434F6-04CD-47DD-945C-00D783CE645A}.Debug|Any CPU.Build.0 = Debug|Any CPU
		{D8A434F6-04CD-47DD-945C-00D783CE645A}.Release|Any CPU.ActiveCfg = Release|Any CPU
		{D8A434F6-04CD-47DD-945C-00D783CE645A}.Release|Any CPU.Build.0 = Release|Any CPU
		{3554A638-C2BF-427E-AC22-5BE072C9BBB5}.Debug|Any CPU.ActiveCfg = Debug|Any CPU
		{3554A638-C2BF-427E-AC22-5BE072C9BBB5}.Debug|Any CPU.Build.0 = Debug|Any CPU
		{3554A638-C2BF-427E-AC22-5BE072C9BBB5}.Release|Any CPU.ActiveCfg = Release|Any CPU
		{3554A638-C2BF-427E-AC22-5BE072C9BBB5}.Release|Any CPU.Build.0 = Release|Any CPU
		{4D038703-0B94-43D4-9205-538A11904F8E}.Debug|Any CPU.ActiveCfg = Debug|Any CPU
		{4D038703-0B94-43D4-9205-538A11904F8E}.Debug|Any CPU.Build.0 = Debug|Any CPU
		{4D038703-0B94-43D4-9205-538A11904F8E}.Release|Any CPU.ActiveCfg = Release|Any CPU
		{4D038703-0B94-43D4-9205-538A11904F8E}.Release|Any CPU.Build.0 = Release|Any CPU
	EndGlobalSection
	GlobalSection(NestedProjects) = preSolution
		{D8A434F6-04CD-47DD-945C-00D783CE645A} = {A2D2168E-6885-4F3B-A1DF-177762708A2B}
		{3554A638-C2BF-427E-AC22-5BE072C9BBB5} = {A2D2168E-6885-4F3B-A1DF-177762708A2B}
		{233ED2F5-6CC7-4DBE-B128-E7F7C41828B6} = {83480799-6941-4FF2-9497-037560B059A8}
		{4D038703-0B94-43D4-9205-538A11904F8E} = {233ED2F5-6CC7-4DBE-B128-E7F7C41828B6}
	EndGlobalSection
EndGlobal
